
Microsoft Visual Studio Solution File, Format Version 12.00
# Visual Studio Version 17
VisualStudioVersion = 17.1.32421.90
MinimumVisualStudioVersion = 10.0.40219.1
Project("{2150E333-8FDC-42A3-9474-1A3956D46DE8}") = "src", "src", "{270F9122-6ED3-43BE-87AE-7291A9EBD123}"
EndProject
Project("{9A19103F-16F7-4668-BE54-9A1E7A4F7556}") = "FluentCertificates", "src\FluentCertificates\FluentCertificates.csproj", "{A4EDD7E4-E245-4717-82BB-B18945649344}"
EndProject
Project("{2150E333-8FDC-42A3-9474-1A3956D46DE8}") = "tests", "tests", "{D1107791-8E04-42B0-977E-E2221B0067AC}"
EndProject
Project("{9A19103F-16F7-4668-BE54-9A1E7A4F7556}") = "FluentCertificates.Builder.Tests", "tests\FluentCertificates.Builder.Tests\FluentCertificates.Builder.Tests.csproj", "{4D225EFF-EF8F-4A2F-B3B1-D40BE29921E0}"
EndProject
Project("{2150E333-8FDC-42A3-9474-1A3956D46DE8}") = "Solution Items", "Solution Items", "{389E86C0-CD86-431C-BDE5-6AF0913F4A02}"
	ProjectSection(SolutionItems) = preProject
		.editorconfig = .editorconfig
		Directory.Build.props = Directory.Build.props
		LICENSE = LICENSE
		README.md = README.md
	EndProjectSection
EndProject
Project("{9A19103F-16F7-4668-BE54-9A1E7A4F7556}") = "FluentCertificates.Finder", "src\FluentCertificates.Finder\FluentCertificates.Finder.csproj", "{2A5624D4-FD07-43FC-88DB-49CB9F4A56E1}"
EndProject
Project("{9A19103F-16F7-4668-BE54-9A1E7A4F7556}") = "FluentCertificates.Builder", "src\FluentCertificates.Builder\FluentCertificates.Builder.csproj", "{6DD8E968-AF67-4E6E-9CC2-AC6661527284}"
EndProject
Project("{9A19103F-16F7-4668-BE54-9A1E7A4F7556}") = "FluentCertificates.Extensions", "src\FluentCertificates.Extensions\FluentCertificates.Extensions.csproj", "{6E6427A2-6D42-45D4-8CDB-60908D457BE0}"
EndProject
Project("{9A19103F-16F7-4668-BE54-9A1E7A4F7556}") = "FluentCertificates.Builder.BouncyCastle", "src\FluentCertificates.Builder.BouncyCastle\FluentCertificates.Builder.BouncyCastle.csproj", "{7CF52B3E-5848-4F08-94C5-B3A788B218EC}"
EndProject
Project("{9A19103F-16F7-4668-BE54-9A1E7A4F7556}") = "FluentCertificates.Extensions.Tests", "tests\FluentCertificates.Extensions.Tests\FluentCertificates.Extensions.Tests.csproj", "{0754E808-B1C4-475B-85A7-D5F210089255}"
EndProject
Project("{9A19103F-16F7-4668-BE54-9A1E7A4F7556}") = "_build", "build\_build.csproj", "{88F4BB4F-40C3-42C8-ABFB-E1EE40B8ED68}"
EndProject
Global
	GlobalSection(SolutionConfigurationPlatforms) = preSolution
		Debug|Any CPU = Debug|Any CPU
		Release|Any CPU = Release|Any CPU
	EndGlobalSection
	GlobalSection(ProjectConfigurationPlatforms) = postSolution
		{88F4BB4F-40C3-42C8-ABFB-E1EE40B8ED68}.Debug|Any CPU.ActiveCfg = Debug|Any CPU
		{88F4BB4F-40C3-42C8-ABFB-E1EE40B8ED68}.Release|Any CPU.ActiveCfg = Release|Any CPU
		{A4EDD7E4-E245-4717-82BB-B18945649344}.Debug|Any CPU.ActiveCfg = Debug|Any CPU
		{A4EDD7E4-E245-4717-82BB-B18945649344}.Debug|Any CPU.Build.0 = Debug|Any CPU
		{A4EDD7E4-E245-4717-82BB-B18945649344}.Release|Any CPU.ActiveCfg = Release|Any CPU
		{A4EDD7E4-E245-4717-82BB-B18945649344}.Release|Any CPU.Build.0 = Release|Any CPU
		{4D225EFF-EF8F-4A2F-B3B1-D40BE29921E0}.Debug|Any CPU.ActiveCfg = Debug|Any CPU
		{4D225EFF-EF8F-4A2F-B3B1-D40BE29921E0}.Debug|Any CPU.Build.0 = Debug|Any CPU
		{4D225EFF-EF8F-4A2F-B3B1-D40BE29921E0}.Release|Any CPU.ActiveCfg = Release|Any CPU
		{4D225EFF-EF8F-4A2F-B3B1-D40BE29921E0}.Release|Any CPU.Build.0 = Release|Any CPU
		{2A5624D4-FD07-43FC-88DB-49CB9F4A56E1}.Debug|Any CPU.ActiveCfg = Debug|Any CPU
		{2A5624D4-FD07-43FC-88DB-49CB9F4A56E1}.Debug|Any CPU.Build.0 = Debug|Any CPU
		{2A5624D4-FD07-43FC-88DB-49CB9F4A56E1}.Release|Any CPU.ActiveCfg = Release|Any CPU
		{2A5624D4-FD07-43FC-88DB-49CB9F4A56E1}.Release|Any CPU.Build.0 = Release|Any CPU
		{6DD8E968-AF67-4E6E-9CC2-AC6661527284}.Debug|Any CPU.ActiveCfg = Debug|Any CPU
		{6DD8E968-AF67-4E6E-9CC2-AC6661527284}.Debug|Any CPU.Build.0 = Debug|Any CPU
		{6DD8E968-AF67-4E6E-9CC2-AC6661527284}.Release|Any CPU.ActiveCfg = Release|Any CPU
		{6DD8E968-AF67-4E6E-9CC2-AC6661527284}.Release|Any CPU.Build.0 = Release|Any CPU
		{6E6427A2-6D42-45D4-8CDB-60908D457BE0}.Debug|Any CPU.ActiveCfg = Debug|Any CPU
		{6E6427A2-6D42-45D4-8CDB-60908D457BE0}.Debug|Any CPU.Build.0 = Debug|Any CPU
		{6E6427A2-6D42-45D4-8CDB-60908D457BE0}.Release|Any CPU.ActiveCfg = Release|Any CPU
		{6E6427A2-6D42-45D4-8CDB-60908D457BE0}.Release|Any CPU.Build.0 = Release|Any CPU
		{7CF52B3E-5848-4F08-94C5-B3A788B218EC}.Debug|Any CPU.ActiveCfg = Debug|Any CPU
		{7CF52B3E-5848-4F08-94C5-B3A788B218EC}.Debug|Any CPU.Build.0 = Debug|Any CPU
		{7CF52B3E-5848-4F08-94C5-B3A788B218EC}.Release|Any CPU.ActiveCfg = Release|Any CPU
		{7CF52B3E-5848-4F08-94C5-B3A788B218EC}.Release|Any CPU.Build.0 = Release|Any CPU
		{0754E808-B1C4-475B-85A7-D5F210089255}.Debug|Any CPU.ActiveCfg = Debug|Any CPU
		{0754E808-B1C4-475B-85A7-D5F210089255}.Debug|Any CPU.Build.0 = Debug|Any CPU
		{0754E808-B1C4-475B-85A7-D5F210089255}.Release|Any CPU.ActiveCfg = Release|Any CPU
		{0754E808-B1C4-475B-85A7-D5F210089255}.Release|Any CPU.Build.0 = Release|Any CPU
	EndGlobalSection
	GlobalSection(SolutionProperties) = preSolution
		HideSolutionNode = FALSE
	EndGlobalSection
	GlobalSection(NestedProjects) = preSolution
		{A4EDD7E4-E245-4717-82BB-B18945649344} = {270F9122-6ED3-43BE-87AE-7291A9EBD123}
		{4D225EFF-EF8F-4A2F-B3B1-D40BE29921E0} = {D1107791-8E04-42B0-977E-E2221B0067AC}
		{2A5624D4-FD07-43FC-88DB-49CB9F4A56E1} = {270F9122-6ED3-43BE-87AE-7291A9EBD123}
		{6DD8E968-AF67-4E6E-9CC2-AC6661527284} = {270F9122-6ED3-43BE-87AE-7291A9EBD123}
		{6E6427A2-6D42-45D4-8CDB-60908D457BE0} = {270F9122-6ED3-43BE-87AE-7291A9EBD123}
		{7CF52B3E-5848-4F08-94C5-B3A788B218EC} = {270F9122-6ED3-43BE-87AE-7291A9EBD123}
		{0754E808-B1C4-475B-85A7-D5F210089255} = {D1107791-8E04-42B0-977E-E2221B0067AC}
	EndGlobalSection
	GlobalSection(ExtensibilityGlobals) = postSolution
		SolutionGuid = {EB271790-2AD9-4280-A9CA-870E755008F8}
	EndGlobalSection
EndGlobal
